// !$*UTF8*$!
{
	archiveVersion = 1;
	classes = {
	};
	objectVersion = 56;
	objects = {

/* Begin PBXBuildFile section */
		12866E3429FA92A500661CDD /* AppDelegate.swift in Sources */ = {isa = PBXBuildFile; fileRef = 12866E3329FA92A500661CDD /* AppDelegate.swift */; };
		12866E3629FA92A500661CDD /* SceneDelegate.swift in Sources */ = {isa = PBXBuildFile; fileRef = 12866E3529FA92A500661CDD /* SceneDelegate.swift */; };
		12866E3829FA92A500661CDD /* ViewController.swift in Sources */ = {isa = PBXBuildFile; fileRef = 12866E3729FA92A500661CDD /* ViewController.swift */; };
		12866E3B29FA92A500661CDD /* Main.storyboard in Resources */ = {isa = PBXBuildFile; fileRef = 12866E3929FA92A500661CDD /* Main.storyboard */; };
		12866E3D29FA92A600661CDD /* Assets.xcassets in Resources */ = {isa = PBXBuildFile; fileRef = 12866E3C29FA92A600661CDD /* Assets.xcassets */; };
		12866E4029FA92A600661CDD /* LaunchScreen.storyboard in Resources */ = {isa = PBXBuildFile; fileRef = 12866E3E29FA92A600661CDD /* LaunchScreen.storyboard */; };
		12866E4829FBA35400661CDD /* DetailViewController.swift in Sources */ = {isa = PBXBuildFile; fileRef = 12866E4729FBA35400661CDD /* DetailViewController.swift */; };
		12866E5229FBD36100661CDD /* Country.swift in Sources */ = {isa = PBXBuildFile; fileRef = 12866E5129FBD36100661CDD /* Country.swift */; };
		12866E5429FBD37B00661CDD /* countries.json in Resources */ = {isa = PBXBuildFile; fileRef = 12866E5329FBD37B00661CDD /* countries.json */; };
/* End PBXBuildFile section */

/* Begin PBXFileReference section */
		12866E3029FA92A500661CDD /* Milestone Projects 13 - 15.app */ = {isa = PBXFileReference; explicitFileType = wrapper.application; includeInIndex = 0; path = "Milestone Projects 13 - 15.app"; sourceTree = BUILT_PRODUCTS_DIR; };
		12866E3329FA92A500661CDD /* AppDelegate.swift */ = {isa = PBXFileReference; lastKnownFileType = sourcecode.swift; path = AppDelegate.swift; sourceTree = "<group>"; };
		12866E3529FA92A500661CDD /* SceneDelegate.swift */ = {isa = PBXFileReference; lastKnownFileType = sourcecode.swift; path = SceneDelegate.swift; sourceTree = "<group>"; };
		12866E3729FA92A500661CDD /* ViewController.swift */ = {isa = PBXFileReference; lastKnownFileType = sourcecode.swift; path = ViewController.swift; sourceTree = "<group>"; };
		12866E3A29FA92A500661CDD /* Base */ = {isa = PBXFileReference; lastKnownFileType = file.storyboard; name = Base; path = Base.lproj/Main.storyboard; sourceTree = "<group>"; };
		12866E3C29FA92A600661CDD /* Assets.xcassets */ = {isa = PBXFileReference; lastKnownFileType = folder.assetcatalog; path = Assets.xcassets; sourceTree = "<group>"; };
		12866E3F29FA92A600661CDD /* Base */ = {isa = PBXFileReference; lastKnownFileType = file.storyboard; name = Base; path = Base.lproj/LaunchScreen.storyboard; sourceTree = "<group>"; };
		12866E4129FA92A600661CDD /* Info.plist */ = {isa = PBXFileReference; lastKnownFileType = text.plist.xml; path = Info.plist; sourceTree = "<group>"; };
		12866E4729FBA35400661CDD /* DetailViewController.swift */ = {isa = PBXFileReference; lastKnownFileType = sourcecode.swift; path = DetailViewController.swift; sourceTree = "<group>"; };
		12866E5129FBD36100661CDD /* Country.swift */ = {isa = PBXFileReference; lastKnownFileType = sourcecode.swift; path = Country.swift; sourceTree = "<group>"; };
		12866E5329FBD37B00661CDD /* countries.json */ = {isa = PBXFileReference; fileEncoding = 4; lastKnownFileType = text.json; path = countries.json; sourceTree = "<group>"; };
/* End PBXFileReference section */

/* Begin PBXFrameworksBuildPhase section */
		12866E2D29FA92A500661CDD /* Frameworks */ = {
			isa = PBXFrameworksBuildPhase;
			buildActionMask = 2147483647;
			files = (
			);
			runOnlyForDeploymentPostprocessing = 0;
		};
/* End PBXFrameworksBuildPhase section */

/* Begin PBXGroup section */
		12866E2729FA92A500661CDD = {
			isa = PBXGroup;
			children = (
				12866E4729FBA35400661CDD /* DetailViewController.swift */,
				12866E3229FA92A500661CDD /* Milestone Projects 13 - 15 */,
				12866E3129FA92A500661CDD /* Products */,
			);
			sourceTree = "<group>";
		};
		12866E3129FA92A500661CDD /* Products */ = {
			isa = PBXGroup;
			children = (
				12866E3029FA92A500661CDD /* Milestone Projects 13 - 15.app */,
			);
			name = Products;
			sourceTree = "<group>";
		};
		12866E3229FA92A500661CDD /* Milestone Projects 13 - 15 */ = {
			isa = PBXGroup;
			children = (
				12866E3329FA92A500661CDD /* AppDelegate.swift */,
				12866E3529FA92A500661CDD /* SceneDelegate.swift */,
				12866E3729FA92A500661CDD /* ViewController.swift */,
				12866E5129FBD36100661CDD /* Country.swift */,
				12866E3929FA92A500661CDD /* Main.storyboard */,
				12866E3C29FA92A600661CDD /* Assets.xcassets */,
				12866E3E29FA92A600661CDD /* LaunchScreen.storyboard */,
				12866E4129FA92A600661CDD /* Info.plist */,
				12866E5329FBD37B00661CDD /* countries.json */,
			);
			path = "Milestone Projects 13 - 15";
			sourceTree = "<group>";
		};
/* End PBXGroup section */

/* Begin PBXNativeTarget section */
		12866E2F29FA92A500661CDD /* Milestone Projects 13 - 15 */ = {
			isa = PBXNativeTarget;
			buildConfigurationList = 12866E4429FA92A600661CDD /* Build configuration list for PBXNativeTarget "Milestone Projects 13 - 15" */;
			buildPhases = (
				12866E2C29FA92A500661CDD /* Sources */,
				12866E2D29FA92A500661CDD /* Frameworks */,
				12866E2E29FA92A500661CDD /* Resources */,
			);
			buildRules = (
			);
			dependencies = (
			);
			name = "Milestone Projects 13 - 15";
			productName = "Milestone Projects 13 - 15";
			productReference = 12866E3029FA92A500661CDD /* Milestone Projects 13 - 15.app */;
			productType = "com.apple.product-type.application";
		};
/* End PBXNativeTarget section */

/* Begin PBXProject section */
		12866E2829FA92A500661CDD /* Project object */ = {
			isa = PBXProject;
			attributes = {
				BuildIndependentTargetsInParallel = 1;
				LastSwiftUpdateCheck = 1430;
				LastUpgradeCheck = 1430;
				TargetAttributes = {
					12866E2F29FA92A500661CDD = {
						CreatedOnToolsVersion = 14.3;
					};
				};
			};
			buildConfigurationList = 12866E2B29FA92A500661CDD /* Build configuration list for PBXProject "Milestone Projects 13 - 15" */;
			compatibilityVersion = "Xcode 14.0";
			developmentRegion = en;
			hasScannedForEncodings = 0;
			knownRegions = (
				en,
				Base,
			);
			mainGroup = 12866E2729FA92A500661CDD;
			productRefGroup = 12866E3129FA92A500661CDD /* Products */;
			projectDirPath = "";
			projectRoot = "";
			targets = (
				12866E2F29FA92A500661CDD /* Milestone Projects 13 - 15 */,
			);
		};
/* End PBXProject section */

/* Begin PBXResourcesBuildPhase section */
		12866E2E29FA92A500661CDD /* Resources */ = {
			isa = PBXResourcesBuildPhase;
			buildActionMask = 2147483647;
			files = (
				12866E4029FA92A600661CDD /* LaunchScreen.storyboard in Resources */,
				12866E3D29FA92A600661CDD /* Assets.xcassets in Resources */,
				12866E5429FBD37B00661CDD /* countries.json in Resources */,
				12866E3B29FA92A500661CDD /* Main.storyboard in Resources */,
			);
			runOnlyForDeploymentPostprocessing = 0;
		};
/* End PBXResourcesBuildPhase section */

/* Begin PBXSourcesBuildPhase section */
		12866E2C29FA92A500661CDD /* Sources */ = {
			isa = PBXSourcesBuildPhase;
			buildActionMask = 2147483647;
			files = (
				12866E3829FA92A500661CDD /* ViewController.swift in Sources */,
				12866E3429FA92A500661CDD /* AppDelegate.swift in Sources */,
				12866E3629FA92A500661CDD /* SceneDelegate.swift in Sources */,
				12866E5229FBD36100661CDD /* Country.swift in Sources */,
				12866E4829FBA35400661CDD /* DetailViewController.swift in Sources */,
			);
			runOnlyForDeploymentPostprocessing = 0;
		};
/* End PBXSourcesBuildPhase section */

/* Begin PBXVariantGroup section */
		12866E3929FA92A500661CDD /* Main.storyboard */ = {
			isa = PBXVariantGroup;
			children = (
				12866E3A29FA92A500661CDD /* Base */,
			);
			name = Main.storyboard;
			sourceTree = "<group>";
		};
		12866E3E29FA92A600661CDD /* LaunchScreen.storyboard */ = {
			isa = PBXVariantGroup;
			children = (
				12866E3F29FA92A600661CDD /* Base */,
			);
			name = LaunchScreen.storyboard;
			sourceTree = "<group>";
		};
/* End PBXVariantGroup section */

/* Begin XCBuildConfiguration section */
		12866E4229FA92A600661CDD /* Debug */ = {
			isa = XCBuildConfiguration;
			buildSettings = {
				ALWAYS_SEARCH_USER_PATHS = NO;
				CLANG_ANALYZER_NONNULL = YES;
				CLANG_ANALYZER_NUMBER_OBJECT_CONVERSION = YES_AGGRESSIVE;
				CLANG_CXX_LANGUAGE_STANDARD = "gnu++20";
				CLANG_ENABLE_MODULES = YES;
				CLANG_ENABLE_OBJC_ARC = YES;
				CLANG_ENABLE_OBJC_WEAK = YES;
				CLANG_WARN_BLOCK_CAPTURE_AUTORELEASING = YES;
				CLANG_WARN_BOOL_CONVERSION = YES;
				CLANG_WARN_COMMA = YES;
				CLANG_WARN_CONSTANT_CONVERSION = YES;
				CLANG_WARN_DEPRECATED_OBJC_IMPLEMENTATIONS = YES;
				CLANG_WARN_DIRECT_OBJC_ISA_USAGE = YES_ERROR;
				CLANG_WARN_DOCUMENTATION_COMMENTS = YES;
				CLANG_WARN_EMPTY_BODY = YES;
				CLANG_WARN_ENUM_CONVERSION = YES;
				CLANG_WARN_INFINITE_RECURSION = YES;
				CLANG_WARN_INT_CONVERSION = YES;
				CLANG_WARN_NON_LITERAL_NULL_CONVERSION = YES;
				CLANG_WARN_OBJC_IMPLICIT_RETAIN_SELF = YES;
				CLANG_WARN_OBJC_LITERAL_CONVERSION = YES;
				CLANG_WARN_OBJC_ROOT_CLASS = YES_ERROR;
				CLANG_WARN_QUOTED_INCLUDE_IN_FRAMEWORK_HEADER = YES;
				CLANG_WARN_RANGE_LOOP_ANALYSIS = YES;
				CLANG_WARN_STRICT_PROTOTYPES = YES;
				CLANG_WARN_SUSPICIOUS_MOVE = YES;
				CLANG_WARN_UNGUARDED_AVAILABILITY = YES_AGGRESSIVE;
				CLANG_WARN_UNREACHABLE_CODE = YES;
				CLANG_WARN__DUPLICATE_METHOD_MATCH = YES;
				COPY_PHASE_STRIP = NO;
				DEBUG_INFORMATION_FORMAT = dwarf;
				ENABLE_STRICT_OBJC_MSGSEND = YES;
				ENABLE_TESTABILITY = YES;
				GCC_C_LANGUAGE_STANDARD = gnu11;
				GCC_DYNAMIC_NO_PIC = NO;
				GCC_NO_COMMON_BLOCKS = YES;
				GCC_OPTIMIZATION_LEVEL = 0;
				GCC_PREPROCESSOR_DEFINITIONS = (
					"DEBUG=1",
					"$(inherited)",
				);
				GCC_WARN_64_TO_32_BIT_CONVERSION = YES;
				GCC_WARN_ABOUT_RETURN_TYPE = YES_ERROR;
				GCC_WARN_UNDECLARED_SELECTOR = YES;
				GCC_WARN_UNINITIALIZED_AUTOS = YES_AGGRESSIVE;
				GCC_WARN_UNUSED_FUNCTION = YES;
				GCC_WARN_UNUSED_VARIABLE = YES;
				IPHONEOS_DEPLOYMENT_TARGET = 16.4;
				MTL_ENABLE_DEBUG_INFO = INCLUDE_SOURCE;
				MTL_FAST_MATH = YES;
				ONLY_ACTIVE_ARCH = YES;
				SDKROOT = iphoneos;
				SWIFT_ACTIVE_COMPILATION_CONDITIONS = DEBUG;
				SWIFT_OPTIMIZATION_LEVEL = "-Onone";
			};
			name = Debug;
		};
		12866E4329FA92A600661CDD /* Release */ = {
			isa = XCBuildConfiguration;
			buildSettings = {
				ALWAYS_SEARCH_USER_PATHS = NO;
				CLANG_ANALYZER_NONNULL = YES;
				CLANG_ANALYZER_NUMBER_OBJECT_CONVERSION = YES_AGGRESSIVE;
				CLANG_CXX_LANGUAGE_STANDARD = "gnu++20";
				CLANG_ENABLE_MODULES = YES;
				CLANG_ENABLE_OBJC_ARC = YES;
				CLANG_ENABLE_OBJC_WEAK = YES;
				CLANG_WARN_BLOCK_CAPTURE_AUTORELEASING = YES;
				CLANG_WARN_BOOL_CONVERSION = YES;
				CLANG_WARN_COMMA = YES;
				CLANG_WARN_CONSTANT_CONVERSION = YES;
				CLANG_WARN_DEPRECATED_OBJC_IMPLEMENTATIONS = YES;
				CLANG_WARN_DIRECT_OBJC_ISA_USAGE = YES_ERROR;
				CLANG_WARN_DOCUMENTATION_COMMENTS = YES;
				CLANG_WARN_EMPTY_BODY = YES;
				CLANG_WARN_ENUM_CONVERSION = YES;
				CLANG_WARN_INFINITE_RECURSION = YES;
				CLANG_WARN_INT_CONVERSION = YES;
				CLANG_WARN_NON_LITERAL_NULL_CONVERSION = YES;
				CLANG_WARN_OBJC_IMPLICIT_RETAIN_SELF = YES;
				CLANG_WARN_OBJC_LITERAL_CONVERSION = YES;
				CLANG_WARN_OBJC_ROOT_CLASS = YES_ERROR;
				CLANG_WARN_QUOTED_INCLUDE_IN_FRAMEWORK_HEADER = YES;
				CLANG_WARN_RANGE_LOOP_ANALYSIS = YES;
				CLANG_WARN_STRICT_PROTOTYPES = YES;
				CLANG_WARN_SUSPICIOUS_MOVE = YES;
				CLANG_WARN_UNGUARDED_AVAILABILITY = YES_AGGRESSIVE;
				CLANG_WARN_UNREACHABLE_CODE = YES;
				CLANG_WARN__DUPLICATE_METHOD_MATCH = YES;
				COPY_PHASE_STRIP = NO;
				DEBUG_INFORMATION_FORMAT = "dwarf-with-dsym";
				ENABLE_NS_ASSERTIONS = NO;
				ENABLE_STRICT_OBJC_MSGSEND = YES;
				GCC_C_LANGUAGE_STANDARD = gnu11;
				GCC_NO_COMMON_BLOCKS = YES;
				GCC_WARN_64_TO_32_BIT_CONVERSION = YES;
				GCC_WARN_ABOUT_RETURN_TYPE = YES_ERROR;
				GCC_WARN_UNDECLARED_SELECTOR = YES;
				GCC_WARN_UNINITIALIZED_AUTOS = YES_AGGRESSIVE;
				GCC_WARN_UNUSED_FUNCTION = YES;
				GCC_WARN_UNUSED_VARIABLE = YES;
				IPHONEOS_DEPLOYMENT_TARGET = 16.4;
				MTL_ENABLE_DEBUG_INFO = NO;
				MTL_FAST_MATH = YES;
				SDKROOT = iphoneos;
				SWIFT_COMPILATION_MODE = wholemodule;
				SWIFT_OPTIMIZATION_LEVEL = "-O";
				VALIDATE_PRODUCT = YES;
			};
			name = Release;
		};
		12866E4529FA92A600661CDD /* Debug */ = {
			isa = XCBuildConfiguration;
			buildSettings = {
				ASSETCATALOG_COMPILER_APPICON_NAME = AppIcon;
				ASSETCATALOG_COMPILER_GLOBAL_ACCENT_COLOR_NAME = AccentColor;
				CODE_SIGN_STYLE = Automatic;
				CURRENT_PROJECT_VERSION = 1;
				DEVELOPMENT_TEAM = D23Z5VP235;
				GENERATE_INFOPLIST_FILE = YES;
				INFOPLIST_FILE = "Milestone Projects 13 - 15/Info.plist";
				INFOPLIST_KEY_UIApplicationSupportsIndirectInputEvents = YES;
				INFOPLIST_KEY_UILaunchStoryboardName = LaunchScreen;
				INFOPLIST_KEY_UIMainStoryboardFile = Main;
				INFOPLIST_KEY_UISupportedInterfaceOrientations_iPad = "UIInterfaceOrientationPortrait UIInterfaceOrientationPortraitUpsideDown UIInterfaceOrientationLandscapeLeft UIInterfaceOrientationLandscapeRight";
				INFOPLIST_KEY_UISupportedInterfaceOrientations_iPhone = "UIInterfaceOrientationPortrait UIInterfaceOrientationLandscapeLeft UIInterfaceOrientationLandscapeRight";
				LD_RUNPATH_SEARCH_PATHS = (
					"$(inherited)",
					"@executable_path/Frameworks",
				);
				MARKETING_VERSION = 1.0;
				PRODUCT_BUNDLE_IDENTIFIER = "----------.Milestone-Projects-13---15";
				PRODUCT_NAME = "$(TARGET_NAME)";
				SWIFT_EMIT_LOC_STRINGS = YES;
				SWIFT_VERSION = 5.0;
				TARGETED_DEVICE_FAMILY = "1,2";
			};
			name = Debug;
		};
		12866E4629FA92A600661CDD /* Release */ = {
			isa = XCBuildConfiguration;
			buildSettings = {
				ASSETCATALOG_COMPILER_APPICON_NAME = AppIcon;
				ASSETCATALOG_COMPILER_GLOBAL_ACCENT_COLOR_NAME = AccentColor;
				CODE_SIGN_STYLE = Automatic;
				CURRENT_PROJECT_VERSION = 1;
				DEVELOPMENT_TEAM = D23Z5VP235;
				GENERATE_INFOPLIST_FILE = YES;
				INFOPLIST_FILE = "Milestone Projects 13 - 15/Info.plist";
				INFOPLIST_KEY_UIApplicationSupportsIndirectInputEvents = YES;
				INFOPLIST_KEY_UILaunchStoryboardName = LaunchScreen;
				INFOPLIST_KEY_UIMainStoryboardFile = Main;
				INFOPLIST_KEY_UISupportedInterfaceOrientations_iPad = "UIInterfaceOrientationPortrait UIInterfaceOrientationPortraitUpsideDown UIInterfaceOrientationLandscapeLeft UIInterfaceOrientationLandscapeRight";
				INFOPLIST_KEY_UISupportedInterfaceOrientations_iPhone = "UIInterfaceOrientationPortrait UIInterfaceOrientationLandscapeLeft UIInterfaceOrientationLandscapeRight";
				LD_RUNPATH_SEARCH_PATHS = (
					"$(inherited)",
					"@executable_path/Frameworks",
				);
				MARKETING_VERSION = 1.0;
				PRODUCT_BUNDLE_IDENTIFIER = "----------.Milestone-Projects-13---15";
				PRODUCT_NAME = "$(TARGET_NAME)";
				SWIFT_EMIT_LOC_STRINGS = YES;
				SWIFT_VERSION = 5.0;
				TARGETED_DEVICE_FAMILY = "1,2";
			};
			name = Release;
		};
/* End XCBuildConfiguration section */

/* Begin XCConfigurationList section */
		12866E2B29FA92A500661CDD /* Build configuration list for PBXProject "Milestone Projects 13 - 15" */ = {
			isa = XCConfigurationList;
			buildConfigurations = (
				12866E4229FA92A600661CDD /* Debug */,
				12866E4329FA92A600661CDD /* Release */,
			);
			defaultConfigurationIsVisible = 0;
			defaultConfigurationName = Release;
		};
		12866E4429FA92A600661CDD /* Build configuration list for PBXNativeTarget "Milestone Projects 13 - 15" */ = {
			isa = XCConfigurationList;
			buildConfigurations = (
				12866E4529FA92A600661CDD /* Debug */,
				12866E4629FA92A600661CDD /* Release */,
			);
			defaultConfigurationIsVisible = 0;
			defaultConfigurationName = Release;
		};
/* End XCConfigurationList section */
	};
	rootObject = 12866E2829FA92A500661CDD /* Project object */;
}
